
Microsoft Visual Studio Solution File, Format Version 12.00
# Visual Studio Version 17
VisualStudioVersion = 17.14.37111.16
MinimumVisualStudioVersion = 10.0.40219.1
Project("{2150E333-8FDC-42A3-9474-1A3956D46DE8}") = "Services", "Services", "{02EA681E-C7D8-13C7-8484-4AC65E1B71E8}"
EndProject
Project("{2150E333-8FDC-42A3-9474-1A3956D46DE8}") = "Operateurs", "Operateurs", "{A38D768B-F057-4659-8FEA-81EE464DB719}"
EndProject
Project("{FAE04EC0-301F-11D3-BF4B-00C04F79EFBC}") = "Operateurs.Api", "Services\Operateurs\Operateurs.Api\Operateurs.Api.csproj", "{841515B8-23C5-4056-A181-EC4CFF8213B8}"
EndProject
Global
	GlobalSection(SolutionConfigurationPlatforms) = preSolution
		Debug|Any CPU = Debug|Any CPU
		Release|Any CPU = Release|Any CPU
	EndGlobalSection
	GlobalSection(ProjectConfigurationPlatforms) = postSolution
		{841515B8-23C5-4056-A181-EC4CFF8213B8}.Debug|Any CPU.ActiveCfg = Debug|Any CPU
		{841515B8-23C5-4056-A181-EC4CFF8213B8}.Debug|Any CPU.Build.0 = Debug|Any CPU
		{841515B8-23C5-4056-A181-EC4CFF8213B8}.Release|Any CPU.ActiveCfg = Release|Any CPU
		{841515B8-23C5-4056-A181-EC4CFF8213B8}.Release|Any CPU.Build.0 = Release|Any CPU
	EndGlobalSection
	GlobalSection(SolutionProperties) = preSolution
		HideSolutionNode = FALSE
	EndGlobalSection
	GlobalSection(NestedProjects) = preSolution
		{A38D768B-F057-4659-8FEA-81EE464DB719} = {02EA681E-C7D8-13C7-8484-4AC65E1B71E8}
		{841515B8-23C5-4056-A181-EC4CFF8213B8} = {A38D768B-F057-4659-8FEA-81EE464DB719}
	EndGlobalSection
	GlobalSection(ExtensibilityGlobals) = postSolution
		SolutionGuid = {03CAD824-83F7-43AD-9D59-C216CFE6DD4B}
	EndGlobalSection
EndGlobal
